// !$*UTF8*$!
{
	archiveVersion = 1;
	classes = {
	};
	objectVersion = 56;
	objects = {

/* Begin PBXBuildFile section */
		1AE262E228E211A200F60624 /* AppDelegate.swift in Sources */ = {isa = PBXBuildFile; fileRef = 1AE262E128E211A200F60624 /* AppDelegate.swift */; };
		1AE262E428E211A200F60624 /* SceneDelegate.swift in Sources */ = {isa = PBXBuildFile; fileRef = 1AE262E328E211A200F60624 /* SceneDelegate.swift */; };
		1AE262E628E211A200F60624 /* ViewController.swift in Sources */ = {isa = PBXBuildFile; fileRef = 1AE262E528E211A200F60624 /* ViewController.swift */; };
		1AE262E928E211A200F60624 /* Main.storyboard in Resources */ = {isa = PBXBuildFile; fileRef = 1AE262E728E211A200F60624 /* Main.storyboard */; };
		1AE262EB28E211A400F60624 /* Assets.xcassets in Resources */ = {isa = PBXBuildFile; fileRef = 1AE262EA28E211A400F60624 /* Assets.xcassets */; };
		1AE262EE28E211A400F60624 /* LaunchScreen.storyboard in Resources */ = {isa = PBXBuildFile; fileRef = 1AE262EC28E211A400F60624 /* LaunchScreen.storyboard */; };
		1AE262F928E211A400F60624 /* iOSImageLoadingAppTests.swift in Sources */ = {isa = PBXBuildFile; fileRef = 1AE262F828E211A400F60624 /* iOSImageLoadingAppTests.swift */; };
		1AE2630328E211A400F60624 /* iOSImageLoadingAppUITests.swift in Sources */ = {isa = PBXBuildFile; fileRef = 1AE2630228E211A400F60624 /* iOSImageLoadingAppUITests.swift */; };
		1AE2630528E211A400F60624 /* iOSImageLoadingAppUITestsLaunchTests.swift in Sources */ = {isa = PBXBuildFile; fileRef = 1AE2630428E211A400F60624 /* iOSImageLoadingAppUITestsLaunchTests.swift */; };
/* End PBXBuildFile section */

/* Begin PBXContainerItemProxy section */
		1AE262F528E211A400F60624 /* PBXContainerItemProxy */ = {
			isa = PBXContainerItemProxy;
			containerPortal = 1AE262D628E211A200F60624 /* Project object */;
			proxyType = 1;
			remoteGlobalIDString = 1AE262DD28E211A200F60624;
			remoteInfo = iOSImageLoadingApp;
		};
		1AE262FF28E211A400F60624 /* PBXContainerItemProxy */ = {
			isa = PBXContainerItemProxy;
			containerPortal = 1AE262D628E211A200F60624 /* Project object */;
			proxyType = 1;
			remoteGlobalIDString = 1AE262DD28E211A200F60624;
			remoteInfo = iOSImageLoadingApp;
		};
/* End PBXContainerItemProxy section */

/* Begin PBXFileReference section */
		1AE262DE28E211A200F60624 /* iOSImageLoadingApp.app */ = {isa = PBXFileReference; explicitFileType = wrapper.application; includeInIndex = 0; path = iOSImageLoadingApp.app; sourceTree = BUILT_PRODUCTS_DIR; };
		1AE262E128E211A200F60624 /* AppDelegate.swift */ = {isa = PBXFileReference; lastKnownFileType = sourcecode.swift; path = AppDelegate.swift; sourceTree = "<group>"; };
		1AE262E328E211A200F60624 /* SceneDelegate.swift */ = {isa = PBXFileReference; lastKnownFileType = sourcecode.swift; path = SceneDelegate.swift; sourceTree = "<group>"; };
		1AE262E528E211A200F60624 /* ViewController.swift */ = {isa = PBXFileReference; lastKnownFileType = sourcecode.swift; path = ViewController.swift; sourceTree = "<group>"; };
		1AE262E828E211A200F60624 /* Base */ = {isa = PBXFileReference; lastKnownFileType = file.storyboard; name = Base; path = Base.lproj/Main.storyboard; sourceTree = "<group>"; };
		1AE262EA28E211A400F60624 /* Assets.xcassets */ = {isa = PBXFileReference; lastKnownFileType = folder.assetcatalog; path = Assets.xcassets; sourceTree = "<group>"; };
		1AE262ED28E211A400F60624 /* Base */ = {isa = PBXFileReference; lastKnownFileType = file.storyboard; name = Base; path = Base.lproj/LaunchScreen.storyboard; sourceTree = "<group>"; };
		1AE262EF28E211A400F60624 /* Info.plist */ = {isa = PBXFileReference; lastKnownFileType = text.plist.xml; path = Info.plist; sourceTree = "<group>"; };
		1AE262F428E211A400F60624 /* iOSImageLoadingAppTests.xctest */ = {isa = PBXFileReference; explicitFileType = wrapper.cfbundle; includeInIndex = 0; path = iOSImageLoadingAppTests.xctest; sourceTree = BUILT_PRODUCTS_DIR; };
		1AE262F828E211A400F60624 /* iOSImageLoadingAppTests.swift */ = {isa = PBXFileReference; lastKnownFileType = sourcecode.swift; path = iOSImageLoadingAppTests.swift; sourceTree = "<group>"; };
		1AE262FE28E211A400F60624 /* iOSImageLoadingAppUITests.xctest */ = {isa = PBXFileReference; explicitFileType = wrapper.cfbundle; includeInIndex = 0; path = iOSImageLoadingAppUITests.xctest; sourceTree = BUILT_PRODUCTS_DIR; };
		1AE2630228E211A400F60624 /* iOSImageLoadingAppUITests.swift */ = {isa = PBXFileReference; lastKnownFileType = sourcecode.swift; path = iOSImageLoadingAppUITests.swift; sourceTree = "<group>"; };
		1AE2630428E211A400F60624 /* iOSImageLoadingAppUITestsLaunchTests.swift */ = {isa = PBXFileReference; lastKnownFileType = sourcecode.swift; path = iOSImageLoadingAppUITestsLaunchTests.swift; sourceTree = "<group>"; };
/* End PBXFileReference section */

/* Begin PBXFrameworksBuildPhase section */
		1AE262DB28E211A200F60624 /* Frameworks */ = {
			isa = PBXFrameworksBuildPhase;
			buildActionMask = 2147483647;
			files = (
			);
			runOnlyForDeploymentPostprocessing = 0;
		};
		1AE262F128E211A400F60624 /* Frameworks */ = {
			isa = PBXFrameworksBuildPhase;
			buildActionMask = 2147483647;
			files = (
			);
			runOnlyForDeploymentPostprocessing = 0;
		};
		1AE262FB28E211A400F60624 /* Frameworks */ = {
			isa = PBXFrameworksBuildPhase;
			buildActionMask = 2147483647;
			files = (
			);
			runOnlyForDeploymentPostprocessing = 0;
		};
/* End PBXFrameworksBuildPhase section */

/* Begin PBXGroup section */
		1AE262D528E211A200F60624 = {
			isa = PBXGroup;
			children = (
				1AE262E028E211A200F60624 /* iOSImageLoadingApp */,
				1AE262F728E211A400F60624 /* iOSImageLoadingAppTests */,
				1AE2630128E211A400F60624 /* iOSImageLoadingAppUITests */,
				1AE262DF28E211A200F60624 /* Products */,
			);
			sourceTree = "<group>";
		};
		1AE262DF28E211A200F60624 /* Products */ = {
			isa = PBXGroup;
			children = (
				1AE262DE28E211A200F60624 /* iOSImageLoadingApp.app */,
				1AE262F428E211A400F60624 /* iOSImageLoadingAppTests.xctest */,
				1AE262FE28E211A400F60624 /* iOSImageLoadingAppUITests.xctest */,
			);
			name = Products;
			sourceTree = "<group>";
		};
		1AE262E028E211A200F60624 /* iOSImageLoadingApp */ = {
			isa = PBXGroup;
			children = (
				1AE262E128E211A200F60624 /* AppDelegate.swift */,
				1AE262E328E211A200F60624 /* SceneDelegate.swift */,
				1AE262E528E211A200F60624 /* ViewController.swift */,
				1AE262E728E211A200F60624 /* Main.storyboard */,
				1AE262EA28E211A400F60624 /* Assets.xcassets */,
				1AE262EC28E211A400F60624 /* LaunchScreen.storyboard */,
				1AE262EF28E211A400F60624 /* Info.plist */,
			);
			path = iOSImageLoadingApp;
			sourceTree = "<group>";
		};
		1AE262F728E211A400F60624 /* iOSImageLoadingAppTests */ = {
			isa = PBXGroup;
			children = (
				1AE262F828E211A400F60624 /* iOSImageLoadingAppTests.swift */,
			);
			path = iOSImageLoadingAppTests;
			sourceTree = "<group>";
		};
		1AE2630128E211A400F60624 /* iOSImageLoadingAppUITests */ = {
			isa = PBXGroup;
			children = (
				1AE2630228E211A400F60624 /* iOSImageLoadingAppUITests.swift */,
				1AE2630428E211A400F60624 /* iOSImageLoadingAppUITestsLaunchTests.swift */,
			);
			path = iOSImageLoadingAppUITests;
			sourceTree = "<group>";
		};
/* End PBXGroup section */

/* Begin PBXNativeTarget section */
		1AE262DD28E211A200F60624 /* iOSImageLoadingApp */ = {
			isa = PBXNativeTarget;
			buildConfigurationList = 1AE2630828E211A400F60624 /* Build configuration list for PBXNativeTarget "iOSImageLoadingApp" */;
			buildPhases = (
				1AE262DA28E211A200F60624 /* Sources */,
				1AE262DB28E211A200F60624 /* Frameworks */,
				1AE262DC28E211A200F60624 /* Resources */,
			);
			buildRules = (
			);
			dependencies = (
			);
			name = iOSImageLoadingApp;
			productName = iOSImageLoadingApp;
			productReference = 1AE262DE28E211A200F60624 /* iOSImageLoadingApp.app */;
			productType = "com.apple.product-type.application";
		};
		1AE262F328E211A400F60624 /* iOSImageLoadingAppTests */ = {
			isa = PBXNativeTarget;
			buildConfigurationList = 1AE2630B28E211A400F60624 /* Build configuration list for PBXNativeTarget "iOSImageLoadingAppTests" */;
			buildPhases = (
				1AE262F028E211A400F60624 /* Sources */,
				1AE262F128E211A400F60624 /* Frameworks */,
				1AE262F228E211A400F60624 /* Resources */,
			);
			buildRules = (
			);
			dependencies = (
				1AE262F628E211A400F60624 /* PBXTargetDependency */,
			);
			name = iOSImageLoadingAppTests;
			productName = iOSImageLoadingAppTests;
			productReference = 1AE262F428E211A400F60624 /* iOSImageLoadingAppTests.xctest */;
			productType = "com.apple.product-type.bundle.unit-test";
		};
		1AE262FD28E211A400F60624 /* iOSImageLoadingAppUITests */ = {
			isa = PBXNativeTarget;
			buildConfigurationList = 1AE2630E28E211A400F60624 /* Build configuration list for PBXNativeTarget "iOSImageLoadingAppUITests" */;
			buildPhases = (
				1AE262FA28E211A400F60624 /* Sources */,
				1AE262FB28E211A400F60624 /* Frameworks */,
				1AE262FC28E211A400F60624 /* Resources */,
			);
			buildRules = (
			);
			dependencies = (
				1AE2630028E211A400F60624 /* PBXTargetDependency */,
			);
			name = iOSImageLoadingAppUITests;
			productName = iOSImageLoadingAppUITests;
			productReference = 1AE262FE28E211A400F60624 /* iOSImageLoadingAppUITests.xctest */;
			productType = "com.apple.product-type.bundle.ui-testing";
		};
/* End PBXNativeTarget section */

/* Begin PBXProject section */
		1AE262D628E211A200F60624 /* Project object */ = {
			isa = PBXProject;
			attributes = {
				BuildIndependentTargetsInParallel = 1;
				LastSwiftUpdateCheck = 1400;
				LastUpgradeCheck = 1400;
				TargetAttributes = {
					1AE262DD28E211A200F60624 = {
						CreatedOnToolsVersion = 14.0;
					};
					1AE262F328E211A400F60624 = {
						CreatedOnToolsVersion = 14.0;
						TestTargetID = 1AE262DD28E211A200F60624;
					};
					1AE262FD28E211A400F60624 = {
						CreatedOnToolsVersion = 14.0;
						TestTargetID = 1AE262DD28E211A200F60624;
					};
				};
			};
			buildConfigurationList = 1AE262D928E211A200F60624 /* Build configuration list for PBXProject "iOSImageLoadingApp" */;
			compatibilityVersion = "Xcode 14.0";
			developmentRegion = en;
			hasScannedForEncodings = 0;
			knownRegions = (
				en,
				Base,
			);
			mainGroup = 1AE262D528E211A200F60624;
			productRefGroup = 1AE262DF28E211A200F60624 /* Products */;
			projectDirPath = "";
			projectRoot = "";
			targets = (
				1AE262DD28E211A200F60624 /* iOSImageLoadingApp */,
				1AE262F328E211A400F60624 /* iOSImageLoadingAppTests */,
				1AE262FD28E211A400F60624 /* iOSImageLoadingAppUITests */,
			);
		};
/* End PBXProject section */

/* Begin PBXResourcesBuildPhase section */
		1AE262DC28E211A200F60624 /* Resources */ = {
			isa = PBXResourcesBuildPhase;
			buildActionMask = 2147483647;
			files = (
				1AE262EE28E211A400F60624 /* LaunchScreen.storyboard in Resources */,
				1AE262EB28E211A400F60624 /* Assets.xcassets in Resources */,
				1AE262E928E211A200F60624 /* Main.storyboard in Resources */,
			);
			runOnlyForDeploymentPostprocessing = 0;
		};
		1AE262F228E211A400F60624 /* Resources */ = {
			isa = PBXResourcesBuildPhase;
			buildActionMask = 2147483647;
			files = (
			);
			runOnlyForDeploymentPostprocessing = 0;
		};
		1AE262FC28E211A400F60624 /* Resources */ = {
			isa = PBXResourcesBuildPhase;
			buildActionMask = 2147483647;
			files = (
			);
			runOnlyForDeploymentPostprocessing = 0;
		};
/* End PBXResourcesBuildPhase section */

/* Begin PBXSourcesBuildPhase section */
		1AE262DA28E211A200F60624 /* Sources */ = {
			isa = PBXSourcesBuildPhase;
			buildActionMask = 2147483647;
			files = (
				1AE262E628E211A200F60624 /* ViewController.swift in Sources */,
				1AE262E228E211A200F60624 /* AppDelegate.swift in Sources */,
				1AE262E428E211A200F60624 /* SceneDelegate.swift in Sources */,
			);
			runOnlyForDeploymentPostprocessing = 0;
		};
		1AE262F028E211A400F60624 /* Sources */ = {
			isa = PBXSourcesBuildPhase;
			buildActionMask = 2147483647;
			files = (
				1AE262F928E211A400F60624 /* iOSImageLoadingAppTests.swift in Sources */,
			);
			runOnlyForDeploymentPostprocessing = 0;
		};
		1AE262FA28E211A400F60624 /* Sources */ = {
			isa = PBXSourcesBuildPhase;
			buildActionMask = 2147483647;
			files = (
				1AE2630328E211A400F60624 /* iOSImageLoadingAppUITests.swift in Sources */,
				1AE2630528E211A400F60624 /* iOSImageLoadingAppUITestsLaunchTests.swift in Sources */,
			);
			runOnlyForDeploymentPostprocessing = 0;
		};
/* End PBXSourcesBuildPhase section */

/* Begin PBXTargetDependency section */
		1AE262F628E211A400F60624 /* PBXTargetDependency */ = {
			isa = PBXTargetDependency;
			target = 1AE262DD28E211A200F60624 /* iOSImageLoadingApp */;
			targetProxy = 1AE262F528E211A400F60624 /* PBXContainerItemProxy */;
		};
		1AE2630028E211A400F60624 /* PBXTargetDependency */ = {
			isa = PBXTargetDependency;
			target = 1AE262DD28E211A200F60624 /* iOSImageLoadingApp */;
			targetProxy = 1AE262FF28E211A400F60624 /* PBXContainerItemProxy */;
		};
/* End PBXTargetDependency section */

/* Begin PBXVariantGroup section */
		1AE262E728E211A200F60624 /* Main.storyboard */ = {
			isa = PBXVariantGroup;
			children = (
				1AE262E828E211A200F60624 /* Base */,
			);
			name = Main.storyboard;
			sourceTree = "<group>";
		};
		1AE262EC28E211A400F60624 /* LaunchScreen.storyboard */ = {
			isa = PBXVariantGroup;
			children = (
				1AE262ED28E211A400F60624 /* Base */,
			);
			name = LaunchScreen.storyboard;
			sourceTree = "<group>";
		};
/* End PBXVariantGroup section */

/* Begin XCBuildConfiguration section */
		1AE2630628E211A400F60624 /* Debug */ = {
			isa = XCBuildConfiguration;
			buildSettings = {
				ALWAYS_SEARCH_USER_PATHS = NO;
				CLANG_ANALYZER_NONNULL = YES;
				CLANG_ANALYZER_NUMBER_OBJECT_CONVERSION = YES_AGGRESSIVE;
				CLANG_CXX_LANGUAGE_STANDARD = "gnu++20";
				CLANG_ENABLE_MODULES = YES;
				CLANG_ENABLE_OBJC_ARC = YES;
				CLANG_ENABLE_OBJC_WEAK = YES;
				CLANG_WARN_BLOCK_CAPTURE_AUTORELEASING = YES;
				CLANG_WARN_BOOL_CONVERSION = YES;
				CLANG_WARN_COMMA = YES;
				CLANG_WARN_CONSTANT_CONVERSION = YES;
				CLANG_WARN_DEPRECATED_OBJC_IMPLEMENTATIONS = YES;
				CLANG_WARN_DIRECT_OBJC_ISA_USAGE = YES_ERROR;
				CLANG_WARN_DOCUMENTATION_COMMENTS = YES;
				CLANG_WARN_EMPTY_BODY = YES;
				CLANG_WARN_ENUM_CONVERSION = YES;
				CLANG_WARN_INFINITE_RECURSION = YES;
				CLANG_WARN_INT_CONVERSION = YES;
				CLANG_WARN_NON_LITERAL_NULL_CONVERSION = YES;
				CLANG_WARN_OBJC_IMPLICIT_RETAIN_SELF = YES;
				CLANG_WARN_OBJC_LITERAL_CONVERSION = YES;
				CLANG_WARN_OBJC_ROOT_CLASS = YES_ERROR;
				CLANG_WARN_QUOTED_INCLUDE_IN_FRAMEWORK_HEADER = YES;
				CLANG_WARN_RANGE_LOOP_ANALYSIS = YES;
				CLANG_WARN_STRICT_PROTOTYPES = YES;
				CLANG_WARN_SUSPICIOUS_MOVE = YES;
				CLANG_WARN_UNGUARDED_AVAILABILITY = YES_AGGRESSIVE;
				CLANG_WARN_UNREACHABLE_CODE = YES;
				CLANG_WARN__DUPLICATE_METHOD_MATCH = YES;
				COPY_PHASE_STRIP = NO;
				DEBUG_INFORMATION_FORMAT = dwarf;
				ENABLE_STRICT_OBJC_MSGSEND = YES;
				ENABLE_TESTABILITY = YES;
				GCC_C_LANGUAGE_STANDARD = gnu11;
				GCC_DYNAMIC_NO_PIC = NO;
				GCC_NO_COMMON_BLOCKS = YES;
				GCC_OPTIMIZATION_LEVEL = 0;
				GCC_PREPROCESSOR_DEFINITIONS = (
					"DEBUG=1",
					"$(inherited)",
				);
				GCC_WARN_64_TO_32_BIT_CONVERSION = YES;
				GCC_WARN_ABOUT_RETURN_TYPE = YES_ERROR;
				GCC_WARN_UNDECLARED_SELECTOR = YES;
				GCC_WARN_UNINITIALIZED_AUTOS = YES_AGGRESSIVE;
				GCC_WARN_UNUSED_FUNCTION = YES;
				GCC_WARN_UNUSED_VARIABLE = YES;
				IPHONEOS_DEPLOYMENT_TARGET = 16.0;
				MTL_ENABLE_DEBUG_INFO = INCLUDE_SOURCE;
				MTL_FAST_MATH = YES;
				ONLY_ACTIVE_ARCH = YES;
				SDKROOT = iphoneos;
				SWIFT_ACTIVE_COMPILATION_CONDITIONS = DEBUG;
				SWIFT_OPTIMIZATION_LEVEL = "-Onone";
			};
			name = Debug;
		};
		1AE2630728E211A400F60624 /* Release */ = {
			isa = XCBuildConfiguration;
			buildSettings = {
				ALWAYS_SEARCH_USER_PATHS = NO;
				CLANG_ANALYZER_NONNULL = YES;
				CLANG_ANALYZER_NUMBER_OBJECT_CONVERSION = YES_AGGRESSIVE;
				CLANG_CXX_LANGUAGE_STANDARD = "gnu++20";
				CLANG_ENABLE_MODULES = YES;
				CLANG_ENABLE_OBJC_ARC = YES;
				CLANG_ENABLE_OBJC_WEAK = YES;
				CLANG_WARN_BLOCK_CAPTURE_AUTORELEASING = YES;
				CLANG_WARN_BOOL_CONVERSION = YES;
				CLANG_WARN_COMMA = YES;
				CLANG_WARN_CONSTANT_CONVERSION = YES;
				CLANG_WARN_DEPRECATED_OBJC_IMPLEMENTATIONS = YES;
				CLANG_WARN_DIRECT_OBJC_ISA_USAGE = YES_ERROR;
				CLANG_WARN_DOCUMENTATION_COMMENTS = YES;
				CLANG_WARN_EMPTY_BODY = YES;
				CLANG_WARN_ENUM_CONVERSION = YES;
				CLANG_WARN_INFINITE_RECURSION = YES;
				CLANG_WARN_INT_CONVERSION = YES;
				CLANG_WARN_NON_LITERAL_NULL_CONVERSION = YES;
				CLANG_WARN_OBJC_IMPLICIT_RETAIN_SELF = YES;
				CLANG_WARN_OBJC_LITERAL_CONVERSION = YES;
				CLANG_WARN_OBJC_ROOT_CLASS = YES_ERROR;
				CLANG_WARN_QUOTED_INCLUDE_IN_FRAMEWORK_HEADER = YES;
				CLANG_WARN_RANGE_LOOP_ANALYSIS = YES;
				CLANG_WARN_STRICT_PROTOTYPES = YES;
				CLANG_WARN_SUSPICIOUS_MOVE = YES;
				CLANG_WARN_UNGUARDED_AVAILABILITY = YES_AGGRESSIVE;
				CLANG_WARN_UNREACHABLE_CODE = YES;
				CLANG_WARN__DUPLICATE_METHOD_MATCH = YES;
				COPY_PHASE_STRIP = NO;
				DEBUG_INFORMATION_FORMAT = "dwarf-with-dsym";
				ENABLE_NS_ASSERTIONS = NO;
				ENABLE_STRICT_OBJC_MSGSEND = YES;
				GCC_C_LANGUAGE_STANDARD = gnu11;
				GCC_NO_COMMON_BLOCKS = YES;
				GCC_WARN_64_TO_32_BIT_CONVERSION = YES;
				GCC_WARN_ABOUT_RETURN_TYPE = YES_ERROR;
				GCC_WARN_UNDECLARED_SELECTOR = YES;
				GCC_WARN_UNINITIALIZED_AUTOS = YES_AGGRESSIVE;
				GCC_WARN_UNUSED_FUNCTION = YES;
				GCC_WARN_UNUSED_VARIABLE = YES;
				IPHONEOS_DEPLOYMENT_TARGET = 16.0;
				MTL_ENABLE_DEBUG_INFO = NO;
				MTL_FAST_MATH = YES;
				SDKROOT = iphoneos;
				SWIFT_COMPILATION_MODE = wholemodule;
				SWIFT_OPTIMIZATION_LEVEL = "-O";
				VALIDATE_PRODUCT = YES;
			};
			name = Release;
		};
		1AE2630928E211A400F60624 /* Debug */ = {
			isa = XCBuildConfiguration;
			buildSettings = {
				ASSETCATALOG_COMPILER_APPICON_NAME = AppIcon;
				ASSETCATALOG_COMPILER_GLOBAL_ACCENT_COLOR_NAME = AccentColor;
				CODE_SIGN_STYLE = Automatic;
				CURRENT_PROJECT_VERSION = 1;
				DEVELOPMENT_TEAM = 227N79G8XJ;
				GENERATE_INFOPLIST_FILE = YES;
				INFOPLIST_FILE = iOSImageLoadingApp/Info.plist;
				INFOPLIST_KEY_UIApplicationSupportsIndirectInputEvents = YES;
				INFOPLIST_KEY_UILaunchStoryboardName = LaunchScreen;
				INFOPLIST_KEY_UIMainStoryboardFile = Main;
				INFOPLIST_KEY_UISupportedInterfaceOrientations_iPad = "UIInterfaceOrientationPortrait UIInterfaceOrientationPortraitUpsideDown UIInterfaceOrientationLandscapeLeft UIInterfaceOrientationLandscapeRight";
				INFOPLIST_KEY_UISupportedInterfaceOrientations_iPhone = "UIInterfaceOrientationPortrait UIInterfaceOrientationLandscapeLeft UIInterfaceOrientationLandscapeRight";
				LD_RUNPATH_SEARCH_PATHS = (
					"$(inherited)",
					"@executable_path/Frameworks",
				);
				MARKETING_VERSION = 1.0;
				PRODUCT_BUNDLE_IDENTIFIER = org.apps.chase.iOSImageLoadingApp;
				PRODUCT_NAME = "$(TARGET_NAME)";
				SWIFT_EMIT_LOC_STRINGS = YES;
				SWIFT_VERSION = 5.0;
				TARGETED_DEVICE_FAMILY = "1,2";
			};
			name = Debug;
		};
		1AE2630A28E211A400F60624 /* Release */ = {
			isa = XCBuildConfiguration;
			buildSettings = {
				ASSETCATALOG_COMPILER_APPICON_NAME = AppIcon;
				ASSETCATALOG_COMPILER_GLOBAL_ACCENT_COLOR_NAME = AccentColor;
				CODE_SIGN_STYLE = Automatic;
				CURRENT_PROJECT_VERSION = 1;
				DEVELOPMENT_TEAM = 227N79G8XJ;
				GENERATE_INFOPLIST_FILE = YES;
				INFOPLIST_FILE = iOSImageLoadingApp/Info.plist;
				INFOPLIST_KEY_UIApplicationSupportsIndirectInputEvents = YES;
				INFOPLIST_KEY_UILaunchStoryboardName = LaunchScreen;
				INFOPLIST_KEY_UIMainStoryboardFile = Main;
				INFOPLIST_KEY_UISupportedInterfaceOrientations_iPad = "UIInterfaceOrientationPortrait UIInterfaceOrientationPortraitUpsideDown UIInterfaceOrientationLandscapeLeft UIInterfaceOrientationLandscapeRight";
				INFOPLIST_KEY_UISupportedInterfaceOrientations_iPhone = "UIInterfaceOrientationPortrait UIInterfaceOrientationLandscapeLeft UIInterfaceOrientationLandscapeRight";
				LD_RUNPATH_SEARCH_PATHS = (
					"$(inherited)",
					"@executable_path/Frameworks",
				);
				MARKETING_VERSION = 1.0;
				PRODUCT_BUNDLE_IDENTIFIER = org.apps.chase.iOSImageLoadingApp;
				PRODUCT_NAME = "$(TARGET_NAME)";
				SWIFT_EMIT_LOC_STRINGS = YES;
				SWIFT_VERSION = 5.0;
				TARGETED_DEVICE_FAMILY = "1,2";
			};
			name = Release;
		};
		1AE2630C28E211A400F60624 /* Debug */ = {
			isa = XCBuildConfiguration;
			buildSettings = {
				ALWAYS_EMBED_SWIFT_STANDARD_LIBRARIES = YES;
				BUNDLE_LOADER = "$(TEST_HOST)";
				CODE_SIGN_STYLE = Automatic;
				CURRENT_PROJECT_VERSION = 1;
				DEVELOPMENT_TEAM = 227N79G8XJ;
				GENERATE_INFOPLIST_FILE = YES;
				IPHONEOS_DEPLOYMENT_TARGET = 16.0;
				MARKETING_VERSION = 1.0;
				PRODUCT_BUNDLE_IDENTIFIER = org.apps.chase.iOSImageLoadingAppTests;
				PRODUCT_NAME = "$(TARGET_NAME)";
				SWIFT_EMIT_LOC_STRINGS = NO;
				SWIFT_VERSION = 5.0;
				TARGETED_DEVICE_FAMILY = "1,2";
				TEST_HOST = "$(BUILT_PRODUCTS_DIR)/iOSImageLoadingApp.app/$(BUNDLE_EXECUTABLE_FOLDER_PATH)/iOSImageLoadingApp";
			};
			name = Debug;
		};
		1AE2630D28E211A400F60624 /* Release */ = {
			isa = XCBuildConfiguration;
			buildSettings = {
				ALWAYS_EMBED_SWIFT_STANDARD_LIBRARIES = YES;
				BUNDLE_LOADER = "$(TEST_HOST)";
				CODE_SIGN_STYLE = Automatic;
				CURRENT_PROJECT_VERSION = 1;
				DEVELOPMENT_TEAM = 227N79G8XJ;
				GENERATE_INFOPLIST_FILE = YES;
				IPHONEOS_DEPLOYMENT_TARGET = 16.0;
				MARKETING_VERSION = 1.0;
				PRODUCT_BUNDLE_IDENTIFIER = org.apps.chase.iOSImageLoadingAppTests;
				PRODUCT_NAME = "$(TARGET_NAME)";
				SWIFT_EMIT_LOC_STRINGS = NO;
				SWIFT_VERSION = 5.0;
				TARGETED_DEVICE_FAMILY = "1,2";
				TEST_HOST = "$(BUILT_PRODUCTS_DIR)/iOSImageLoadingApp.app/$(BUNDLE_EXECUTABLE_FOLDER_PATH)/iOSImageLoadingApp";
			};
			name = Release;
		};
		1AE2630F28E211A400F60624 /* Debug */ = {
			isa = XCBuildConfiguration;
			buildSettings = {
				ALWAYS_EMBED_SWIFT_STANDARD_LIBRARIES = YES;
				CODE_SIGN_STYLE = Automatic;
				CURRENT_PROJECT_VERSION = 1;
				DEVELOPMENT_TEAM = 227N79G8XJ;
				GENERATE_INFOPLIST_FILE = YES;
				MARKETING_VERSION = 1.0;
				PRODUCT_BUNDLE_IDENTIFIER = org.apps.chase.iOSImageLoadingAppUITests;
				PRODUCT_NAME = "$(TARGET_NAME)";
				SWIFT_EMIT_LOC_STRINGS = NO;
				SWIFT_VERSION = 5.0;
				TARGETED_DEVICE_FAMILY = "1,2";
				TEST_TARGET_NAME = iOSImageLoadingApp;
			};
			name = Debug;
		};
		1AE2631028E211A400F60624 /* Release */ = {
			isa = XCBuildConfiguration;
			buildSettings = {
				ALWAYS_EMBED_SWIFT_STANDARD_LIBRARIES = YES;
				CODE_SIGN_STYLE = Automatic;
				CURRENT_PROJECT_VERSION = 1;
				DEVELOPMENT_TEAM = 227N79G8XJ;
				GENERATE_INFOPLIST_FILE = YES;
				MARKETING_VERSION = 1.0;
				PRODUCT_BUNDLE_IDENTIFIER = org.apps.chase.iOSImageLoadingAppUITests;
				PRODUCT_NAME = "$(TARGET_NAME)";
				SWIFT_EMIT_LOC_STRINGS = NO;
				SWIFT_VERSION = 5.0;
				TARGETED_DEVICE_FAMILY = "1,2";
				TEST_TARGET_NAME = iOSImageLoadingApp;
			};
			name = Release;
		};
/* End XCBuildConfiguration section */

/* Begin XCConfigurationList section */
		1AE262D928E211A200F60624 /* Build configuration list for PBXProject "iOSImageLoadingApp" */ = {
			isa = XCConfigurationList;
			buildConfigurations = (
				1AE2630628E211A400F60624 /* Debug */,
				1AE2630728E211A400F60624 /* Release */,
			);
			defaultConfigurationIsVisible = 0;
			defaultConfigurationName = Release;
		};
		1AE2630828E211A400F60624 /* Build configuration list for PBXNativeTarget "iOSImageLoadingApp" */ = {
			isa = XCConfigurationList;
			buildConfigurations = (
				1AE2630928E211A400F60624 /* Debug */,
				1AE2630A28E211A400F60624 /* Release */,
			);
			defaultConfigurationIsVisible = 0;
			defaultConfigurationName = Release;
		};
		1AE2630B28E211A400F60624 /* Build configuration list for PBXNativeTarget "iOSImageLoadingAppTests" */ = {
			isa = XCConfigurationList;
			buildConfigurations = (
				1AE2630C28E211A400F60624 /* Debug */,
				1AE2630D28E211A400F60624 /* Release */,
			);
			defaultConfigurationIsVisible = 0;
			defaultConfigurationName = Release;
		};
		1AE2630E28E211A400F60624 /* Build configuration list for PBXNativeTarget "iOSImageLoadingAppUITests" */ = {
			isa = XCConfigurationList;
			buildConfigurations = (
				1AE2630F28E211A400F60624 /* Debug */,
				1AE2631028E211A400F60624 /* Release */,
			);
			defaultConfigurationIsVisible = 0;
			defaultConfigurationName = Release;
		};
/* End XCConfigurationList section */
	};
	rootObject = 1AE262D628E211A200F60624 /* Project object */;
}
